<Solution>
  <Folder Name="/Chapter01/">
    <Project Path="../../../../../source/repos/CSharp-Projects/ConsoleAppAdventureGame.Tests/ConsoleAppAdventureGame.Tests.csproj" />
    <Project Path="../../../../../source/repos/CSharp-Projects/ConsoleAppAdventureGame/ConsoleAppAdventureGame.csproj" Id="5b3e5a52-3dfa-44aa-bc32-21059dbcb26a" />
    <Project Path="../../../../../source/repos/CSharp-Projects/StoryManager/StoryManager.csproj" Id="64c5eeef-d379-49d8-94cd-29d572dde031" />
  </Folder>
  <Folder Name="/Chapter02/">
    <Project Path="EnigmaSimulator.Domain/EnigmaSimulator.Domain.csproj" />
    <Project Path="EnigmaSimulator.Tests/EnigmaSimulator.Tests.csproj" />
    <Project Path="EnigmaSimulator/EnigmaSimulator.csproj" />
  </Folder>
  <Folder Name="/Chapter03/">
    <Project Path="ConsoleRolePlayingGame.ConsoleApp/ConsoleRolePlayingGame.ConsoleApp.csproj" Id="218c6e95-1143-4abc-ba2c-cbcb3fd124ff" />
    <Project Path="ConsoleRolePlayingGame.ConsoleApp.Tests/ConsoleRolePlayingGame.ConsoleApp.Tests.csproj" Id="b7e0a6c8-9c37-45a1-b0ba-fd9a8a8c7c9d" />
    <Project Path="ConsoleRolePlayingGame.Overworld.Tests/ConsoleRolePlayingGame.Overworld.Tests.csproj" Id="eb6de8ee-29f0-4ab0-8a72-0ea5b7734da0" />
    <Project Path="ConsoleRolePlayingGame.Overworld/ConsoleRolePlayingGame.Overworld.csproj" Id="2866a123-1a22-4b72-bcb6-a985e05ca05b" />
  </Folder>
</Solution>


